<?xml version="1.0" encoding="utf-8"?>
<Project ToolsVersion="4.0" xmlns="http://schemas.microsoft.com/developer/msbuild/2003">
  <ItemGroup>
    <Filter Include="소스 파일">
      <UniqueIdentifier>{4FC737F1-C7A5-4376-A066-2A32D752A2FF}</UniqueIdentifier>
      <Extensions>cpp;c;cc;cxx;c++;cppm;ixx;def;odl;idl;hpj;bat;asm;asmx</Extensions>
    </Filter>
    <Filter Include="헤더 파일">
      <UniqueIdentifier>{93995380-89BD-4b04-88EB-625FBE52EBFB}</UniqueIdentifier>
      <Extensions>h;hh;hpp;hxx;h++;hm;inl;inc;ipp;xsd</Extensions>
    </Filter>
    <Filter Include="리소스 파일">
      <UniqueIdentifier>{67DA6AB6-F800-4c08-8B7A-83BB121AAD01}</UniqueIdentifier>
      <Extensions>rc;ico;cur;bmp;dlg;rc2;rct;bin;rgs;gif;jpg;jpeg;jpe;resx;tiff;tif;png;wav;mfcribbon-ms</Extensions>
    </Filter>
    <Filter Include="소스 파일\2D">
      <UniqueIdentifier>{17089337-a181-4df3-98aa-9f6f3da72947}</UniqueIdentifier>
    </Filter>
    <Filter Include="소스 파일\2D\OSWork-12">
      <UniqueIdentifier>{f8c197d7-c611-47be-a8e6-08eaffea5180}</UniqueIdentifier>
    </Filter>
    <Filter Include="소스 파일\2D\OSWork-7">
      <UniqueIdentifier>{3caa1b9e-8261-4fe9-acc2-1db100d285c1}</UniqueIdentifier>
    </Filter>
    <Filter Include="소스 파일\2D\OSWork-8">
      <UniqueIdentifier>{b75ed5bb-9546-467c-aa64-677bd7313512}</UniqueIdentifier>
    </Filter>
    <Filter Include="소스 파일\2D\OSWork-9">
      <UniqueIdentifier>{745b1ecc-4c32-4582-9ec4-76f00f086605}</UniqueIdentifier>
    </Filter>
    <Filter Include="소스 파일\2D\OSWork-10">
      <UniqueIdentifier>{7be0946b-c7f2-4665-af8d-215b1965120a}</UniqueIdentifier>
    </Filter>
    <Filter Include="소스 파일\2D\OSWork-11">
      <UniqueIdentifier>{0679c466-93e2-4376-a4d1-c2e62326955d}</UniqueIdentifier>
    </Filter>
    <Filter Include="헤더 파일\2D">
      <UniqueIdentifier>{ba4cbf87-2567-46f5-a25f-df53f19132e9}</UniqueIdentifier>
    </Filter>
    <Filter Include="헤더 파일\3D">
      <UniqueIdentifier>{c8855aec-32ce-4ab1-b16c-a549d69317cf}</UniqueIdentifier>
    </Filter>
    <Filter Include="소스 파일\OGWork-14">
      <UniqueIdentifier>{fce2dbd9-902b-4137-b10d-9fed960b0a75}</UniqueIdentifier>
    </Filter>
    <Filter Include="소스 파일\OGWork-13">
      <UniqueIdentifier>{3fa6e5a0-7bd2-4aef-8479-f07e0f7c96f4}</UniqueIdentifier>
    </Filter>
    <Filter Include="소스 파일\OGWork-15">
      <UniqueIdentifier>{e54a5767-220b-4f4c-b945-426877fa6ae6}</UniqueIdentifier>
    </Filter>
    <Filter Include="소스 파일\OGWork-16">
      <UniqueIdentifier>{e64e90ca-7393-4850-b478-f155aed8afae}</UniqueIdentifier>
    </Filter>
    <Filter Include="소스 파일\OGWork-17">
      <UniqueIdentifier>{021e2d29-05c5-4a46-ab9a-4598cee4095e}</UniqueIdentifier>
    </Filter>
    <Filter Include="소스 파일\OGWork-18">
      <UniqueIdentifier>{f9a61d86-76c6-42e9-af05-426624ae1cfd}</UniqueIdentifier>
    </Filter>
    <Filter Include="소스 파일\OGWork-19">
      <UniqueIdentifier>{f08ede12-fd8e-4ea1-af46-020e6e2aade7}</UniqueIdentifier>
    </Filter>
    <Filter Include="소스 파일\OGWork-Test">
      <UniqueIdentifier>{e713d1fd-38d8-4e11-aa21-8ec880eb691b}</UniqueIdentifier>
    </Filter>
    <Filter Include="소스 파일\OGWork-20">
      <UniqueIdentifier>{1acdbe0d-4c8c-4d37-b5e3-40c278d60c46}</UniqueIdentifier>
    </Filter>
    <Filter Include="소스 파일\OGWork-21">
      <UniqueIdentifier>{970c2875-491b-4316-9373-537566bf2b64}</UniqueIdentifier>
    </Filter>
    <Filter Include="소스 파일\OGWork-22">
      <UniqueIdentifier>{e4294e47-8d5b-4e36-8dec-b5da5236b282}</UniqueIdentifier>
    </Filter>
    <Filter Include="소스 파일\OGWork-23">
      <UniqueIdentifier>{7f00f0af-435e-4b35-8fc7-17a5cb1a96b9}</UniqueIdentifier>
    </Filter>
    <Filter Include="소스 파일\OGWork-24">
      <UniqueIdentifier>{be73ca64-b7c7-45a9-9ff6-d9a4aa09b0cb}</UniqueIdentifier>
    </Filter>
    <Filter Include="소스 파일\OGWork-25">
      <UniqueIdentifier>{9a777d02-9d4e-4bc5-9c61-51737f190c20}</UniqueIdentifier>
    </Filter>
    <Filter Include="소스 파일\OGWork-26">
      <UniqueIdentifier>{49a91ebc-fcc2-426c-bc2e-1566c88bee89}</UniqueIdentifier>
    </Filter>
    <Filter Include="소스 파일\OGWork-27">
      <UniqueIdentifier>{6f879469-515d-4eab-94a7-16966c65e795}</UniqueIdentifier>
    </Filter>
    <Filter Include="소스 파일\OGWork-28">
      <UniqueIdentifier>{afb1a74b-b4e1-42ca-8937-6a1182a1feca}</UniqueIdentifier>
    </Filter>
  </ItemGroup>
  <ItemGroup>
    <ClCompile Include="test.cpp">
      <Filter>소스 파일</Filter>
    </ClCompile>
    <ClCompile Include="OSWork-7.cpp">
      <Filter>소스 파일\2D\OSWork-7</Filter>
    </ClCompile>
    <ClCompile Include="OSWork-8.cpp">
      <Filter>소스 파일\2D\OSWork-8</Filter>
    </ClCompile>
    <ClCompile Include="OSWork-9.cpp">
      <Filter>소스 파일\2D\OSWork-9</Filter>
    </ClCompile>
    <ClCompile Include="OSWork-10.cpp">
      <Filter>소스 파일\2D\OSWork-10</Filter>
    </ClCompile>
    <ClCompile Include="OSWork-11.cpp">
      <Filter>소스 파일\2D\OSWork-11</Filter>
    </ClCompile>
    <ClCompile Include="OSWork-12.cpp">
      <Filter>소스 파일\2D\OSWork-12</Filter>
    </ClCompile>
    <ClCompile Include="OGWork-13.cpp">
      <Filter>소스 파일\OGWork-13</Filter>
    </ClCompile>
    <ClCompile Include="OGWork-1.cpp">
      <Filter>소스 파일\2D</Filter>
    </ClCompile>
    <ClCompile Include="OGWork-2.cpp">
      <Filter>소스 파일\2D</Filter>
    </ClCompile>
    <ClCompile Include="OSWork-3.cpp">
      <Filter>소스 파일\2D</Filter>
    </ClCompile>
    <ClCompile Include="OSWork-4.cpp">
      <Filter>소스 파일\2D</Filter>
    </ClCompile>
    <ClCompile Include="OSWork-5.cpp">
      <Filter>소스 파일\2D</Filter>
    </ClCompile>
    <ClCompile Include="OSWork-6.cpp">
      <Filter>소스 파일\2D</Filter>
    </ClCompile>
    <ClCompile Include="DW_Camera.cpp">
      <Filter>헤더 파일\3D</Filter>
    </ClCompile>
    <ClCompile Include="OGWork-14.cpp">
      <Filter>소스 파일\OGWork-14</Filter>
    </ClCompile>
    <ClCompile Include="OGWork-15.cpp">
      <Filter>소스 파일\OGWork-15</Filter>
    </ClCompile>
    <ClCompile Include="OGWork-16.cpp">
      <Filter>소스 파일\OGWork-16</Filter>
    </ClCompile>
    <ClCompile Include="OGWork-17.cpp">
      <Filter>소스 파일\OGWork-17</Filter>
    </ClCompile>
    <ClCompile Include="DW_Camera2.cpp">
      <Filter>헤더 파일\3D</Filter>
    </ClCompile>
    <ClCompile Include="OGWork-18.cpp">
      <Filter>소스 파일\OGWork-18</Filter>
    </ClCompile>
    <ClCompile Include="OGWork-19.cpp">
      <Filter>소스 파일\OGWork-19</Filter>
    </ClCompile>
    <ClCompile Include="OGWork-Test.cpp">
      <Filter>소스 파일\OGWork-Test</Filter>
    </ClCompile>
    <ClCompile Include="OGWork-20.cpp">
      <Filter>소스 파일\OGWork-20</Filter>
    </ClCompile>
    <ClCompile Include="OGWork-21.cpp">
      <Filter>소스 파일\OGWork-21</Filter>
    </ClCompile>
    <ClCompile Include="OGWork-22.cpp">
      <Filter>소스 파일\OGWork-22</Filter>
    </ClCompile>
    <ClCompile Include="OGWork-23.cpp">
      <Filter>소스 파일\OGWork-23</Filter>
    </ClCompile>
    <ClCompile Include="OGWork-24.cpp">
      <Filter>소스 파일\OGWork-24</Filter>
    </ClCompile>
    <ClCompile Include="OGWork-25.cpp">
      <Filter>소스 파일\OGWork-25</Filter>
    </ClCompile>
    <ClCompile Include="OGWork-26.cpp">
      <Filter>소스 파일\OGWork-26</Filter>
    </ClCompile>
    <ClCompile Include="OGWork-27.cpp">
      <Filter>소스 파일\OGWork-27</Filter>
    </ClCompile>
    <ClCompile Include="OGWork-28.cpp">
      <Filter>소스 파일\OGWork-28</Filter>
    </ClCompile>
  </ItemGroup>
  <ItemGroup>
    <ClInclude Include="Define.h">
      <Filter>헤더 파일\2D</Filter>
    </ClInclude>
    <ClInclude Include="Define_Work_9.h">
      <Filter>헤더 파일\2D</Filter>
    </ClInclude>
    <ClInclude Include="Define_Work_10.h">
      <Filter>헤더 파일\2D</Filter>
    </ClInclude>
    <ClInclude Include="Define_Work_11.h">
      <Filter>헤더 파일\2D</Filter>
    </ClInclude>
    <ClInclude Include="Define_Work_12.h">
      <Filter>헤더 파일\2D</Filter>
    </ClInclude>
    <ClInclude Include="Define_Work_3D.h">
      <Filter>헤더 파일\3D</Filter>
    </ClInclude>
    <ClInclude Include="DW_Camera.h">
      <Filter>헤더 파일\3D</Filter>
    </ClInclude>
    <ClInclude Include="DW_Camera2.h">
      <Filter>헤더 파일\3D</Filter>
    </ClInclude>
  </ItemGroup>
  <ItemGroup>
    <None Include="vertex_shader.glsl">
      <Filter>소스 파일\2D\OSWork-7</Filter>
    </None>
    <None Include="Vertex_Shader_Rotate.glsl">
      <Filter>소스 파일\2D\OSWork-9</Filter>
    </None>
    <None Include="fragmemt_shader.glsl">
      <Filter>헤더 파일\3D</Filter>
    </None>
    <None Include="light_fragment_shader.glsl">
      <Filter>헤더 파일\3D</Filter>
    </None>
    <None Include="Vertex_Shader_Matrix.glsl">
      <Filter>헤더 파일\3D</Filter>
    </None>
    <None Include="light_Vertex_shader.glsl">
      <Filter>헤더 파일\3D</Filter>
    </None>
    <None Include="Non_distance_fragment_shader.glsl">
      <Filter>헤더 파일\3D</Filter>
    </None>
    <None Include="Specular_fragment_shader.glsl">
      <Filter>헤더 파일\3D</Filter>
    </None>
  </ItemGroup>
</Project>